
Microsoft Visual Studio Solution File, Format Version 12.00
# Visual Studio 15
VisualStudioVersion = 15.0.28307.438
MinimumVisualStudioVersion = 10.0.40219.1
Project("{FAE04EC0-301F-11D3-BF4B-00C04F79EFBC}") = "Hello_World", "ConsoleApp1\Hello_World.csproj", "{141B72B9-4818-4BF0-9716-1793673BAF4B}"
EndProject
Project("{FAE04EC0-301F-11D3-BF4B-00C04F79EFBC}") = "WindowsFormsApp1", "WindowsFormsApp1\WindowsFormsApp1.csproj", "{0917E887-E141-4E1B-A605-B8824FFE8F05}"
EndProject
Project("{FAE04EC0-301F-11D3-BF4B-00C04F79EFBC}") = "ClassLibrary1", "ClassLibrary1\ClassLibrary1.csproj", "{843A2687-7DCA-460B-B550-9800395A39C3}"
EndProject
Project("{FAE04EC0-301F-11D3-BF4B-00C04F79EFBC}") = "Wpf_Alien", "Wpf_Alien\Wpf_Alien.csproj", "{F9A1A5C4-2080-4402-BD05-01744891618D}"
EndProject
Project("{FAE04EC0-301F-11D3-BF4B-00C04F79EFBC}") = "WpfTest1", "WpfTest1\WpfTest1.csproj", "{F5E6DEB9-6494-4C47-87D6-0585A904F4C0}"
EndProject
Global
	GlobalSection(SolutionConfigurationPlatforms) = preSolution
		Debug|Any CPU = Debug|Any CPU
		Release|Any CPU = Release|Any CPU
	EndGlobalSection
	GlobalSection(ProjectConfigurationPlatforms) = postSolution
		{141B72B9-4818-4BF0-9716-1793673BAF4B}.Debug|Any CPU.ActiveCfg = Debug|Any CPU
		{141B72B9-4818-4BF0-9716-1793673BAF4B}.Debug|Any CPU.Build.0 = Debug|Any CPU
		{141B72B9-4818-4BF0-9716-1793673BAF4B}.Release|Any CPU.ActiveCfg = Release|Any CPU
		{141B72B9-4818-4BF0-9716-1793673BAF4B}.Release|Any CPU.Build.0 = Release|Any CPU
		{0917E887-E141-4E1B-A605-B8824FFE8F05}.Debug|Any CPU.ActiveCfg = Debug|Any CPU
		{0917E887-E141-4E1B-A605-B8824FFE8F05}.Debug|Any CPU.Build.0 = Debug|Any CPU
		{0917E887-E141-4E1B-A605-B8824FFE8F05}.Release|Any CPU.ActiveCfg = Release|Any CPU
		{0917E887-E141-4E1B-A605-B8824FFE8F05}.Release|Any CPU.Build.0 = Release|Any CPU
		{843A2687-7DCA-460B-B550-9800395A39C3}.Debug|Any CPU.ActiveCfg = Debug|Any CPU
		{843A2687-7DCA-460B-B550-9800395A39C3}.Debug|Any CPU.Build.0 = Debug|Any CPU
		{843A2687-7DCA-460B-B550-9800395A39C3}.Release|Any CPU.ActiveCfg = Release|Any CPU
		{843A2687-7DCA-460B-B550-9800395A39C3}.Release|Any CPU.Build.0 = Release|Any CPU
		{F9A1A5C4-2080-4402-BD05-01744891618D}.Debug|Any CPU.ActiveCfg = Debug|Any CPU
		{F9A1A5C4-2080-4402-BD05-01744891618D}.Debug|Any CPU.Build.0 = Debug|Any CPU
		{F9A1A5C4-2080-4402-BD05-01744891618D}.Release|Any CPU.ActiveCfg = Release|Any CPU
		{F9A1A5C4-2080-4402-BD05-01744891618D}.Release|Any CPU.Build.0 = Release|Any CPU
		{F5E6DEB9-6494-4C47-87D6-0585A904F4C0}.Debug|Any CPU.ActiveCfg = Debug|Any CPU
		{F5E6DEB9-6494-4C47-87D6-0585A904F4C0}.Debug|Any CPU.Build.0 = Debug|Any CPU
		{F5E6DEB9-6494-4C47-87D6-0585A904F4C0}.Release|Any CPU.ActiveCfg = Release|Any CPU
		{F5E6DEB9-6494-4C47-87D6-0585A904F4C0}.Release|Any CPU.Build.0 = Release|Any CPU
	EndGlobalSection
	GlobalSection(SolutionProperties) = preSolution
		HideSolutionNode = FALSE
	EndGlobalSection
	GlobalSection(ExtensibilityGlobals) = postSolution
		SolutionGuid = {9F74CC46-0B11-4D55-82AF-50F0852B6611}
	EndGlobalSection
EndGlobal
