
Microsoft Visual Studio Solution File, Format Version 12.00
# Visual Studio 15
VisualStudioVersion = 15.0.28307.438
MinimumVisualStudioVersion = 10.0.40219.1
Project("{FAE04EC0-301F-11D3-BF4B-00C04F79EFBC}") = "Hello_World", "ConsoleApp1\Hello_World.csproj", "{141B72B9-4818-4BF0-9716-1793673BAF4B}"
EndProject
Project("{FAE04EC0-301F-11D3-BF4B-00C04F79EFBC}") = "ClassLibrary1", "ClassLibrary1\ClassLibrary1.csproj", "{843A2687-7DCA-460B-B550-9800395A39C3}"
EndProject
Project("{FAE04EC0-301F-11D3-BF4B-00C04F79EFBC}") = "Wpf_Alien", "Wpf_Alien\Wpf_Alien.csproj", "{F9A1A5C4-2080-4402-BD05-01744891618D}"
EndProject
Project("{FAE04EC0-301F-11D3-BF4B-00C04F79EFBC}") = "WpfTest1", "WpfTest1\WpfTest1.csproj", "{F5E6DEB9-6494-4C47-87D6-0585A904F4C0}"
EndProject
Project("{FAE04EC0-301F-11D3-BF4B-00C04F79EFBC}") = "WpfTest2", "WpfTest2\WpfTest2.csproj", "{08F980E2-72EC-40BE-A980-6144E0C078BB}"
EndProject
Project("{FAE04EC0-301F-11D3-BF4B-00C04F79EFBC}") = "WindowsFormsTest1", "WindowsFormsTest1\WindowsFormsTest1.csproj", "{746470BA-E60A-461D-850D-673674E959D4}"
EndProject
Project("{FAE04EC0-301F-11D3-BF4B-00C04F79EFBC}") = "WindowsFormsPage96", "WindowsFormsPage96\WindowsFormsPage96.csproj", "{E9BDA1C7-BFEA-4096-A08F-AAF9158A0AFD}"
EndProject
Project("{FAE04EC0-301F-11D3-BF4B-00C04F79EFBC}") = "WindowsFormsPage98", "WindowsFormsPage98\WindowsFormsPage98.csproj", "{A80FF27B-390B-4401-A695-DD31B6EC6C8C}"
EndProject
Project("{FAE04EC0-301F-11D3-BF4B-00C04F79EFBC}") = "WindowsFormsPage105", "WindowsFormsPage105\WindowsFormsPage105.csproj", "{F4A9144C-9C6F-4023-90B1-86CE0A894584}"
EndProject
Project("{FAE04EC0-301F-11D3-BF4B-00C04F79EFBC}") = "WindowsFormsPage129", "WindowsFormsPage129\WindowsFormsPage129.csproj", "{A580F1D1-278E-4740-9572-B8102001C0B2}"
EndProject
Project("{FAE04EC0-301F-11D3-BF4B-00C04F79EFBC}") = "WindowsFormsPage146", "WindowsFormsPage146\WindowsFormsPage146.csproj", "{7E4E986F-0EF5-440D-9314-AA496394943A}"
EndProject
Project("{FAE04EC0-301F-11D3-BF4B-00C04F79EFBC}") = "WindowsFormsPage151", "WindowsFormsPage151\WindowsFormsPage151.csproj", "{BE764E30-7C1F-473F-BA76-4493C319CA70}"
EndProject
Project("{FAE04EC0-301F-11D3-BF4B-00C04F79EFBC}") = "WindowsFormsPage163", "WindowsFormsPage163\WindowsFormsPage163.csproj", "{5CCAE999-E2D9-4480-AA96-243EA090D464}"
EndProject
Project("{FAE04EC0-301F-11D3-BF4B-00C04F79EFBC}") = "WindowsFormsPage168", "WindowsFormsPage168\WindowsFormsPage168.csproj", "{EAC50C31-4E99-4771-AC0F-039E8B52D676}"
EndProject
Project("{FAE04EC0-301F-11D3-BF4B-00C04F79EFBC}") = "TypingGame", "TypingGame\TypingGame.csproj", "{1F4D904C-E2DD-42A6-813E-D1B0B98D7095}"
EndProject
Project("{FAE04EC0-301F-11D3-BF4B-00C04F79EFBC}") = "WindowsFormsPage180", "WindowsFormsPage180\WindowsFormsPage180.csproj", "{60220C28-5AD0-41AB-AFAA-D974C681BB46}"
EndProject
Project("{FAE04EC0-301F-11D3-BF4B-00C04F79EFBC}") = "ADayAtTheRaces", "ADayAtTheRaces\ADayAtTheRaces.csproj", "{6071B12A-782F-46F7-961F-2675B05E11E8}"
EndProject
Project("{FAE04EC0-301F-11D3-BF4B-00C04F79EFBC}") = "WindowsFormsPage200", "WindowsFormsPage200\WindowsFormsPage200.csproj", "{C62A54F0-88FE-4D79-BCB2-20264004291C}"
EndProject
Project("{FAE04EC0-301F-11D3-BF4B-00C04F79EFBC}") = "WindowsFormsPage224", "WindowsFormsPage224\WindowsFormsPage224.csproj", "{2A0AD7C3-920E-4F18-9EF2-A41D46D0C9CE}"
EndProject
Project("{FAE04EC0-301F-11D3-BF4B-00C04F79EFBC}") = "WindowsFormsPage232", "WindowsFormsPage232\WindowsFormsPage232.csproj", "{7662364B-E03B-410C-8FE5-56B3506EF768}"
EndProject
Project("{FAE04EC0-301F-11D3-BF4B-00C04F79EFBC}") = "ConsolePage266", "ConsolePage266\ConsolePage266.csproj", "{8057DD56-AEBA-4774-A524-E83E5F596213}"
EndProject
Project("{FAE04EC0-301F-11D3-BF4B-00C04F79EFBC}") = "ConsolePage273", "ConsolePage273\ConsolePage273.csproj", "{520C0C4C-BFF8-4E7D-97A6-1B86F1530084}"
EndProject
Project("{FAE04EC0-301F-11D3-BF4B-00C04F79EFBC}") = "WindowsFormsPage274", "WindowsFormsPage274\WindowsFormsPage274.csproj", "{05DA734D-E54A-451B-8DF7-0C407DFD3315}"
EndProject
Project("{FAE04EC0-301F-11D3-BF4B-00C04F79EFBC}") = "BeeHiveManagementSystem", "BeeHiveManagementSystem\BeeHiveManagementSystem.csproj", "{C6FE0B27-C4F2-4A95-B5BB-2603153E8888}"
EndProject
Project("{FAE04EC0-301F-11D3-BF4B-00C04F79EFBC}") = "ConsolePage299", "ConsolePage299\ConsolePage299.csproj", "{FEF06F04-21A5-4347-9B01-5532ADD383F7}"
EndProject
Project("{FAE04EC0-301F-11D3-BF4B-00C04F79EFBC}") = "ConsolePage300", "ConsolePage300\ConsolePage300.csproj", "{3E60E9D9-EA98-49DF-BBF5-0A7168138EBC}"
EndProject
Project("{FAE04EC0-301F-11D3-BF4B-00C04F79EFBC}") = "HideAndSeek", "WindowsFormsPage332\HideAndSeek.csproj", "{41901CC7-5D70-4069-AD52-2934F0A933DC}"
EndProject
Project("{FAE04EC0-301F-11D3-BF4B-00C04F79EFBC}") = "WindowsFormsPage355", "WindowsFormsPage355\WindowsFormsPage355.csproj", "{4C89BE56-B5A8-4E43-B78E-8827A618B45E}"
EndProject
Project("{FAE04EC0-301F-11D3-BF4B-00C04F79EFBC}") = "ConsolePage369", "ConsolePage369\ConsolePage369.csproj", "{6DCD39FC-91B7-4D9F-9CC1-AF39ED0811BA}"
EndProject
Project("{FAE04EC0-301F-11D3-BF4B-00C04F79EFBC}") = "ConsolePage375", "ConsolePage375\ConsolePage375.csproj", "{711CE402-29B0-4B41-A0D5-E4E745513FB0}"
EndProject
Global
	GlobalSection(SolutionConfigurationPlatforms) = preSolution
		Debug|Any CPU = Debug|Any CPU
		Release|Any CPU = Release|Any CPU
	EndGlobalSection
	GlobalSection(ProjectConfigurationPlatforms) = postSolution
		{141B72B9-4818-4BF0-9716-1793673BAF4B}.Debug|Any CPU.ActiveCfg = Debug|Any CPU
		{141B72B9-4818-4BF0-9716-1793673BAF4B}.Debug|Any CPU.Build.0 = Debug|Any CPU
		{141B72B9-4818-4BF0-9716-1793673BAF4B}.Release|Any CPU.ActiveCfg = Release|Any CPU
		{141B72B9-4818-4BF0-9716-1793673BAF4B}.Release|Any CPU.Build.0 = Release|Any CPU
		{843A2687-7DCA-460B-B550-9800395A39C3}.Debug|Any CPU.ActiveCfg = Debug|Any CPU
		{843A2687-7DCA-460B-B550-9800395A39C3}.Debug|Any CPU.Build.0 = Debug|Any CPU
		{843A2687-7DCA-460B-B550-9800395A39C3}.Release|Any CPU.ActiveCfg = Release|Any CPU
		{843A2687-7DCA-460B-B550-9800395A39C3}.Release|Any CPU.Build.0 = Release|Any CPU
		{F9A1A5C4-2080-4402-BD05-01744891618D}.Debug|Any CPU.ActiveCfg = Debug|Any CPU
		{F9A1A5C4-2080-4402-BD05-01744891618D}.Debug|Any CPU.Build.0 = Debug|Any CPU
		{F9A1A5C4-2080-4402-BD05-01744891618D}.Release|Any CPU.ActiveCfg = Release|Any CPU
		{F9A1A5C4-2080-4402-BD05-01744891618D}.Release|Any CPU.Build.0 = Release|Any CPU
		{F5E6DEB9-6494-4C47-87D6-0585A904F4C0}.Debug|Any CPU.ActiveCfg = Debug|Any CPU
		{F5E6DEB9-6494-4C47-87D6-0585A904F4C0}.Debug|Any CPU.Build.0 = Debug|Any CPU
		{F5E6DEB9-6494-4C47-87D6-0585A904F4C0}.Release|Any CPU.ActiveCfg = Release|Any CPU
		{F5E6DEB9-6494-4C47-87D6-0585A904F4C0}.Release|Any CPU.Build.0 = Release|Any CPU
		{08F980E2-72EC-40BE-A980-6144E0C078BB}.Debug|Any CPU.ActiveCfg = Debug|Any CPU
		{08F980E2-72EC-40BE-A980-6144E0C078BB}.Debug|Any CPU.Build.0 = Debug|Any CPU
		{08F980E2-72EC-40BE-A980-6144E0C078BB}.Release|Any CPU.ActiveCfg = Release|Any CPU
		{08F980E2-72EC-40BE-A980-6144E0C078BB}.Release|Any CPU.Build.0 = Release|Any CPU
		{746470BA-E60A-461D-850D-673674E959D4}.Debug|Any CPU.ActiveCfg = Debug|Any CPU
		{746470BA-E60A-461D-850D-673674E959D4}.Debug|Any CPU.Build.0 = Debug|Any CPU
		{746470BA-E60A-461D-850D-673674E959D4}.Release|Any CPU.ActiveCfg = Release|Any CPU
		{746470BA-E60A-461D-850D-673674E959D4}.Release|Any CPU.Build.0 = Release|Any CPU
		{E9BDA1C7-BFEA-4096-A08F-AAF9158A0AFD}.Debug|Any CPU.ActiveCfg = Debug|Any CPU
		{E9BDA1C7-BFEA-4096-A08F-AAF9158A0AFD}.Debug|Any CPU.Build.0 = Debug|Any CPU
		{E9BDA1C7-BFEA-4096-A08F-AAF9158A0AFD}.Release|Any CPU.ActiveCfg = Release|Any CPU
		{E9BDA1C7-BFEA-4096-A08F-AAF9158A0AFD}.Release|Any CPU.Build.0 = Release|Any CPU
		{A80FF27B-390B-4401-A695-DD31B6EC6C8C}.Debug|Any CPU.ActiveCfg = Debug|Any CPU
		{A80FF27B-390B-4401-A695-DD31B6EC6C8C}.Debug|Any CPU.Build.0 = Debug|Any CPU
		{A80FF27B-390B-4401-A695-DD31B6EC6C8C}.Release|Any CPU.ActiveCfg = Release|Any CPU
		{A80FF27B-390B-4401-A695-DD31B6EC6C8C}.Release|Any CPU.Build.0 = Release|Any CPU
		{F4A9144C-9C6F-4023-90B1-86CE0A894584}.Debug|Any CPU.ActiveCfg = Debug|Any CPU
		{F4A9144C-9C6F-4023-90B1-86CE0A894584}.Debug|Any CPU.Build.0 = Debug|Any CPU
		{F4A9144C-9C6F-4023-90B1-86CE0A894584}.Release|Any CPU.ActiveCfg = Release|Any CPU
		{F4A9144C-9C6F-4023-90B1-86CE0A894584}.Release|Any CPU.Build.0 = Release|Any CPU
		{A580F1D1-278E-4740-9572-B8102001C0B2}.Debug|Any CPU.ActiveCfg = Debug|Any CPU
		{A580F1D1-278E-4740-9572-B8102001C0B2}.Debug|Any CPU.Build.0 = Debug|Any CPU
		{A580F1D1-278E-4740-9572-B8102001C0B2}.Release|Any CPU.ActiveCfg = Release|Any CPU
		{A580F1D1-278E-4740-9572-B8102001C0B2}.Release|Any CPU.Build.0 = Release|Any CPU
		{7E4E986F-0EF5-440D-9314-AA496394943A}.Debug|Any CPU.ActiveCfg = Debug|Any CPU
		{7E4E986F-0EF5-440D-9314-AA496394943A}.Debug|Any CPU.Build.0 = Debug|Any CPU
		{7E4E986F-0EF5-440D-9314-AA496394943A}.Release|Any CPU.ActiveCfg = Release|Any CPU
		{7E4E986F-0EF5-440D-9314-AA496394943A}.Release|Any CPU.Build.0 = Release|Any CPU
		{BE764E30-7C1F-473F-BA76-4493C319CA70}.Debug|Any CPU.ActiveCfg = Debug|Any CPU
		{BE764E30-7C1F-473F-BA76-4493C319CA70}.Debug|Any CPU.Build.0 = Debug|Any CPU
		{BE764E30-7C1F-473F-BA76-4493C319CA70}.Release|Any CPU.ActiveCfg = Release|Any CPU
		{BE764E30-7C1F-473F-BA76-4493C319CA70}.Release|Any CPU.Build.0 = Release|Any CPU
		{5CCAE999-E2D9-4480-AA96-243EA090D464}.Debug|Any CPU.ActiveCfg = Debug|Any CPU
		{5CCAE999-E2D9-4480-AA96-243EA090D464}.Debug|Any CPU.Build.0 = Debug|Any CPU
		{5CCAE999-E2D9-4480-AA96-243EA090D464}.Release|Any CPU.ActiveCfg = Release|Any CPU
		{5CCAE999-E2D9-4480-AA96-243EA090D464}.Release|Any CPU.Build.0 = Release|Any CPU
		{EAC50C31-4E99-4771-AC0F-039E8B52D676}.Debug|Any CPU.ActiveCfg = Debug|Any CPU
		{EAC50C31-4E99-4771-AC0F-039E8B52D676}.Debug|Any CPU.Build.0 = Debug|Any CPU
		{EAC50C31-4E99-4771-AC0F-039E8B52D676}.Release|Any CPU.ActiveCfg = Release|Any CPU
		{EAC50C31-4E99-4771-AC0F-039E8B52D676}.Release|Any CPU.Build.0 = Release|Any CPU
		{1F4D904C-E2DD-42A6-813E-D1B0B98D7095}.Debug|Any CPU.ActiveCfg = Debug|Any CPU
		{1F4D904C-E2DD-42A6-813E-D1B0B98D7095}.Debug|Any CPU.Build.0 = Debug|Any CPU
		{1F4D904C-E2DD-42A6-813E-D1B0B98D7095}.Release|Any CPU.ActiveCfg = Release|Any CPU
		{1F4D904C-E2DD-42A6-813E-D1B0B98D7095}.Release|Any CPU.Build.0 = Release|Any CPU
		{60220C28-5AD0-41AB-AFAA-D974C681BB46}.Debug|Any CPU.ActiveCfg = Debug|Any CPU
		{60220C28-5AD0-41AB-AFAA-D974C681BB46}.Debug|Any CPU.Build.0 = Debug|Any CPU
		{60220C28-5AD0-41AB-AFAA-D974C681BB46}.Release|Any CPU.ActiveCfg = Release|Any CPU
		{60220C28-5AD0-41AB-AFAA-D974C681BB46}.Release|Any CPU.Build.0 = Release|Any CPU
		{6071B12A-782F-46F7-961F-2675B05E11E8}.Debug|Any CPU.ActiveCfg = Debug|Any CPU
		{6071B12A-782F-46F7-961F-2675B05E11E8}.Debug|Any CPU.Build.0 = Debug|Any CPU
		{6071B12A-782F-46F7-961F-2675B05E11E8}.Release|Any CPU.ActiveCfg = Release|Any CPU
		{6071B12A-782F-46F7-961F-2675B05E11E8}.Release|Any CPU.Build.0 = Release|Any CPU
		{C62A54F0-88FE-4D79-BCB2-20264004291C}.Debug|Any CPU.ActiveCfg = Debug|Any CPU
		{C62A54F0-88FE-4D79-BCB2-20264004291C}.Debug|Any CPU.Build.0 = Debug|Any CPU
		{C62A54F0-88FE-4D79-BCB2-20264004291C}.Release|Any CPU.ActiveCfg = Release|Any CPU
		{C62A54F0-88FE-4D79-BCB2-20264004291C}.Release|Any CPU.Build.0 = Release|Any CPU
		{2A0AD7C3-920E-4F18-9EF2-A41D46D0C9CE}.Debug|Any CPU.ActiveCfg = Debug|Any CPU
		{2A0AD7C3-920E-4F18-9EF2-A41D46D0C9CE}.Debug|Any CPU.Build.0 = Debug|Any CPU
		{2A0AD7C3-920E-4F18-9EF2-A41D46D0C9CE}.Release|Any CPU.ActiveCfg = Release|Any CPU
		{2A0AD7C3-920E-4F18-9EF2-A41D46D0C9CE}.Release|Any CPU.Build.0 = Release|Any CPU
		{7662364B-E03B-410C-8FE5-56B3506EF768}.Debug|Any CPU.ActiveCfg = Debug|Any CPU
		{7662364B-E03B-410C-8FE5-56B3506EF768}.Debug|Any CPU.Build.0 = Debug|Any CPU
		{7662364B-E03B-410C-8FE5-56B3506EF768}.Release|Any CPU.ActiveCfg = Release|Any CPU
		{7662364B-E03B-410C-8FE5-56B3506EF768}.Release|Any CPU.Build.0 = Release|Any CPU
		{8057DD56-AEBA-4774-A524-E83E5F596213}.Debug|Any CPU.ActiveCfg = Debug|Any CPU
		{8057DD56-AEBA-4774-A524-E83E5F596213}.Debug|Any CPU.Build.0 = Debug|Any CPU
		{8057DD56-AEBA-4774-A524-E83E5F596213}.Release|Any CPU.ActiveCfg = Release|Any CPU
		{8057DD56-AEBA-4774-A524-E83E5F596213}.Release|Any CPU.Build.0 = Release|Any CPU
		{520C0C4C-BFF8-4E7D-97A6-1B86F1530084}.Debug|Any CPU.ActiveCfg = Debug|Any CPU
		{520C0C4C-BFF8-4E7D-97A6-1B86F1530084}.Debug|Any CPU.Build.0 = Debug|Any CPU
		{520C0C4C-BFF8-4E7D-97A6-1B86F1530084}.Release|Any CPU.ActiveCfg = Release|Any CPU
		{520C0C4C-BFF8-4E7D-97A6-1B86F1530084}.Release|Any CPU.Build.0 = Release|Any CPU
		{05DA734D-E54A-451B-8DF7-0C407DFD3315}.Debug|Any CPU.ActiveCfg = Debug|Any CPU
		{05DA734D-E54A-451B-8DF7-0C407DFD3315}.Debug|Any CPU.Build.0 = Debug|Any CPU
		{05DA734D-E54A-451B-8DF7-0C407DFD3315}.Release|Any CPU.ActiveCfg = Release|Any CPU
		{05DA734D-E54A-451B-8DF7-0C407DFD3315}.Release|Any CPU.Build.0 = Release|Any CPU
		{C6FE0B27-C4F2-4A95-B5BB-2603153E8888}.Debug|Any CPU.ActiveCfg = Debug|Any CPU
		{C6FE0B27-C4F2-4A95-B5BB-2603153E8888}.Debug|Any CPU.Build.0 = Debug|Any CPU
		{C6FE0B27-C4F2-4A95-B5BB-2603153E8888}.Release|Any CPU.ActiveCfg = Release|Any CPU
		{C6FE0B27-C4F2-4A95-B5BB-2603153E8888}.Release|Any CPU.Build.0 = Release|Any CPU
		{FEF06F04-21A5-4347-9B01-5532ADD383F7}.Debug|Any CPU.ActiveCfg = Debug|Any CPU
		{FEF06F04-21A5-4347-9B01-5532ADD383F7}.Debug|Any CPU.Build.0 = Debug|Any CPU
		{FEF06F04-21A5-4347-9B01-5532ADD383F7}.Release|Any CPU.ActiveCfg = Release|Any CPU
		{FEF06F04-21A5-4347-9B01-5532ADD383F7}.Release|Any CPU.Build.0 = Release|Any CPU
		{3E60E9D9-EA98-49DF-BBF5-0A7168138EBC}.Debug|Any CPU.ActiveCfg = Debug|Any CPU
		{3E60E9D9-EA98-49DF-BBF5-0A7168138EBC}.Debug|Any CPU.Build.0 = Debug|Any CPU
		{3E60E9D9-EA98-49DF-BBF5-0A7168138EBC}.Release|Any CPU.ActiveCfg = Release|Any CPU
		{3E60E9D9-EA98-49DF-BBF5-0A7168138EBC}.Release|Any CPU.Build.0 = Release|Any CPU
		{41901CC7-5D70-4069-AD52-2934F0A933DC}.Debug|Any CPU.ActiveCfg = Debug|Any CPU
		{41901CC7-5D70-4069-AD52-2934F0A933DC}.Debug|Any CPU.Build.0 = Debug|Any CPU
		{41901CC7-5D70-4069-AD52-2934F0A933DC}.Release|Any CPU.ActiveCfg = Release|Any CPU
		{41901CC7-5D70-4069-AD52-2934F0A933DC}.Release|Any CPU.Build.0 = Release|Any CPU
		{4C89BE56-B5A8-4E43-B78E-8827A618B45E}.Debug|Any CPU.ActiveCfg = Debug|Any CPU
		{4C89BE56-B5A8-4E43-B78E-8827A618B45E}.Debug|Any CPU.Build.0 = Debug|Any CPU
		{4C89BE56-B5A8-4E43-B78E-8827A618B45E}.Release|Any CPU.ActiveCfg = Release|Any CPU
		{4C89BE56-B5A8-4E43-B78E-8827A618B45E}.Release|Any CPU.Build.0 = Release|Any CPU
		{6DCD39FC-91B7-4D9F-9CC1-AF39ED0811BA}.Debug|Any CPU.ActiveCfg = Debug|Any CPU
		{6DCD39FC-91B7-4D9F-9CC1-AF39ED0811BA}.Debug|Any CPU.Build.0 = Debug|Any CPU
		{6DCD39FC-91B7-4D9F-9CC1-AF39ED0811BA}.Release|Any CPU.ActiveCfg = Release|Any CPU
		{6DCD39FC-91B7-4D9F-9CC1-AF39ED0811BA}.Release|Any CPU.Build.0 = Release|Any CPU
		{711CE402-29B0-4B41-A0D5-E4E745513FB0}.Debug|Any CPU.ActiveCfg = Debug|Any CPU
		{711CE402-29B0-4B41-A0D5-E4E745513FB0}.Debug|Any CPU.Build.0 = Debug|Any CPU
		{711CE402-29B0-4B41-A0D5-E4E745513FB0}.Release|Any CPU.ActiveCfg = Release|Any CPU
		{711CE402-29B0-4B41-A0D5-E4E745513FB0}.Release|Any CPU.Build.0 = Release|Any CPU
	EndGlobalSection
	GlobalSection(SolutionProperties) = preSolution
		HideSolutionNode = FALSE
	EndGlobalSection
	GlobalSection(ExtensibilityGlobals) = postSolution
		SolutionGuid = {9F74CC46-0B11-4D55-82AF-50F0852B6611}
	EndGlobalSection
EndGlobal
